
Microsoft Visual Studio Solution File, Format Version 12.00
# Visual Studio 15
VisualStudioVersion = 15.0.26430.16
MinimumVisualStudioVersion = 10.0.40219.1
Project("{FAE04EC0-301F-11D3-BF4B-00C04F79EFBC}") = "SimpleWebBrowser", "SimpleWebBrowser\SimpleWebBrowser.csproj", "{293312F0-FF2D-46C8-AAED-3003DCBED02A}"
EndProject
Project("{2150E333-8FDC-42A3-9474-1A3956D46DE8}") = "Solution Items", "Solution Items", "{4A2B4B69-2293-4C2A-B8BC-2C79189B10E2}"
	ProjectSection(SolutionItems) = preProject
		README.md = README.md
	EndProjectSection
EndProject
Global
	GlobalSection(SolutionConfigurationPlatforms) = preSolution
		Debug|Any CPU = Debug|Any CPU
		Release|Any CPU = Release|Any CPU
	EndGlobalSection
	GlobalSection(ProjectConfigurationPlatforms) = postSolution
		{293312F0-FF2D-46C8-AAED-3003DCBED02A}.Debug|Any CPU.ActiveCfg = Debug|Any CPU
		{293312F0-FF2D-46C8-AAED-3003DCBED02A}.Debug|Any CPU.Build.0 = Debug|Any CPU
		{293312F0-FF2D-46C8-AAED-3003DCBED02A}.Release|Any CPU.ActiveCfg = Release|Any CPU
		{293312F0-FF2D-46C8-AAED-3003DCBED02A}.Release|Any CPU.Build.0 = Release|Any CPU
	EndGlobalSection
	GlobalSection(SolutionProperties) = preSolution
		HideSolutionNode = FALSE
	EndGlobalSection
EndGlobal
